// !$*UTF8*$!
{
	archiveVersion = 1;
	classes = {
	};
	objectVersion = 45;
	objects = {

/* Begin PBXBuildFile section */
		1D60589B0D05DD56006BFB54 /* main.m in Sources */ = {isa = PBXBuildFile; fileRef = 29B97316FDCFA39411CA2CEA /* main.m */; };
		1D60589F0D05DD5A006BFB54 /* Foundation.framework in Frameworks */ = {isa = PBXBuildFile; fileRef = 1D30AB110D05D00D00671497 /* Foundation.framework */; };
		1DF5F4E00D08C38300B7A737 /* UIKit.framework in Frameworks */ = {isa = PBXBuildFile; fileRef = 1DF5F4DF0D08C38300B7A737 /* UIKit.framework */; };
		1FA6361F12BAE06E0065CEA2 /* ATAirplayVideoService.m in Sources */ = {isa = PBXBuildFile; fileRef = 1FA6361E12BAE06E0065CEA2 /* ATAirplayVideoService.m */; };
		1FA6362412BAE0790065CEA2 /* AsyncSocket.m in Sources */ = {isa = PBXBuildFile; fileRef = 1FA6362112BAE0790065CEA2 /* AsyncSocket.m */; };
		1FA6362512BAE0790065CEA2 /* AsyncUdpSocket.m in Sources */ = {isa = PBXBuildFile; fileRef = 1FA6362312BAE0790065CEA2 /* AsyncUdpSocket.m */; };
		1FA6362812BAE0850065CEA2 /* NSString+RIExtended.m in Sources */ = {isa = PBXBuildFile; fileRef = 1FA6362712BAE0850065CEA2 /* NSString+RIExtended.m */; };
		1FA6362A12BAE0960065CEA2 /* CFNetwork.framework in Frameworks */ = {isa = PBXBuildFile; fileRef = 1FA6362912BAE0960065CEA2 /* CFNetwork.framework */; };
		1FA6363B12BAE0B90065CEA2 /* MediaPlayer.framework in Frameworks */ = {isa = PBXBuildFile; fileRef = 1FA6363A12BAE0B90065CEA2 /* MediaPlayer.framework */; };
		1FA6367F12BAE30F0065CEA2 /* ATViewController.m in Sources */ = {isa = PBXBuildFile; fileRef = 1FA6367E12BAE30F0065CEA2 /* ATViewController.m */; };
		2860E328111B887F00E27156 /* AppDelegate_iPhone.m in Sources */ = {isa = PBXBuildFile; fileRef = 2860E326111B887F00E27156 /* AppDelegate_iPhone.m */; };
		2860E329111B887F00E27156 /* MainWindow_iPhone.xib in Resources */ = {isa = PBXBuildFile; fileRef = 2860E327111B887F00E27156 /* MainWindow_iPhone.xib */; };
		2860E32E111B888700E27156 /* AppDelegate_iPad.m in Sources */ = {isa = PBXBuildFile; fileRef = 2860E32C111B888700E27156 /* AppDelegate_iPad.m */; };
		2860E32F111B888700E27156 /* MainWindow_iPad.xib in Resources */ = {isa = PBXBuildFile; fileRef = 2860E32D111B888700E27156 /* MainWindow_iPad.xib */; };
		288765FD0DF74451002DB57D /* CoreGraphics.framework in Frameworks */ = {isa = PBXBuildFile; fileRef = 288765FC0DF74451002DB57D /* CoreGraphics.framework */; };
/* End PBXBuildFile section */

/* Begin PBXFileReference section */
		1D30AB110D05D00D00671497 /* Foundation.framework */ = {isa = PBXFileReference; lastKnownFileType = wrapper.framework; name = Foundation.framework; path = System/Library/Frameworks/Foundation.framework; sourceTree = SDKROOT; };
		1D6058910D05DD3D006BFB54 /* AirTV.app */ = {isa = PBXFileReference; explicitFileType = wrapper.application; includeInIndex = 0; path = AirTV.app; sourceTree = BUILT_PRODUCTS_DIR; };
		1DF5F4DF0D08C38300B7A737 /* UIKit.framework */ = {isa = PBXFileReference; lastKnownFileType = wrapper.framework; name = UIKit.framework; path = System/Library/Frameworks/UIKit.framework; sourceTree = SDKROOT; };
		1FA6361D12BAE06E0065CEA2 /* ATAirplayVideoService.h */ = {isa = PBXFileReference; fileEncoding = 4; lastKnownFileType = sourcecode.c.h; name = ATAirplayVideoService.h; path = Shared/ATAirplayVideoService.h; sourceTree = SOURCE_ROOT; };
		1FA6361E12BAE06E0065CEA2 /* ATAirplayVideoService.m */ = {isa = PBXFileReference; fileEncoding = 4; lastKnownFileType = sourcecode.c.objc; name = ATAirplayVideoService.m; path = Shared/ATAirplayVideoService.m; sourceTree = SOURCE_ROOT; };
		1FA6362012BAE0790065CEA2 /* AsyncSocket.h */ = {isa = PBXFileReference; fileEncoding = 4; lastKnownFileType = sourcecode.c.h; name = AsyncSocket.h; path = Sockets/AsyncSocket.h; sourceTree = SOURCE_ROOT; };
		1FA6362112BAE0790065CEA2 /* AsyncSocket.m */ = {isa = PBXFileReference; fileEncoding = 4; lastKnownFileType = sourcecode.c.objc; name = AsyncSocket.m; path = Sockets/AsyncSocket.m; sourceTree = SOURCE_ROOT; };
		1FA6362212BAE0790065CEA2 /* AsyncUdpSocket.h */ = {isa = PBXFileReference; fileEncoding = 4; lastKnownFileType = sourcecode.c.h; name = AsyncUdpSocket.h; path = Sockets/AsyncUdpSocket.h; sourceTree = SOURCE_ROOT; };
		1FA6362312BAE0790065CEA2 /* AsyncUdpSocket.m */ = {isa = PBXFileReference; fileEncoding = 4; lastKnownFileType = sourcecode.c.objc; name = AsyncUdpSocket.m; path = Sockets/AsyncUdpSocket.m; sourceTree = SOURCE_ROOT; };
		1FA6362612BAE0850065CEA2 /* NSString+RIExtended.h */ = {isa = PBXFileReference; fileEncoding = 4; lastKnownFileType = sourcecode.c.h; name = "NSString+RIExtended.h"; path = "External/NSString+RIExtended.h"; sourceTree = SOURCE_ROOT; };
		1FA6362712BAE0850065CEA2 /* NSString+RIExtended.m */ = {isa = PBXFileReference; fileEncoding = 4; lastKnownFileType = sourcecode.c.objc; name = "NSString+RIExtended.m"; path = "External/NSString+RIExtended.m"; sourceTree = SOURCE_ROOT; };
		1FA6362912BAE0960065CEA2 /* CFNetwork.framework */ = {isa = PBXFileReference; lastKnownFileType = wrapper.framework; name = CFNetwork.framework; path = System/Library/Frameworks/CFNetwork.framework; sourceTree = SDKROOT; };
		1FA6363A12BAE0B90065CEA2 /* MediaPlayer.framework */ = {isa = PBXFileReference; lastKnownFileType = wrapper.framework; name = MediaPlayer.framework; path = System/Library/Frameworks/MediaPlayer.framework; sourceTree = SDKROOT; };
		1FA6367D12BAE30F0065CEA2 /* ATViewController.h */ = {isa = PBXFileReference; fileEncoding = 4; lastKnownFileType = sourcecode.c.h; path = ATViewController.h; sourceTree = "<group>"; };
		1FA6367E12BAE30F0065CEA2 /* ATViewController.m */ = {isa = PBXFileReference; fileEncoding = 4; lastKnownFileType = sourcecode.c.objc; path = ATViewController.m; sourceTree = "<group>"; };
		2860E325111B887F00E27156 /* AppDelegate_iPhone.h */ = {isa = PBXFileReference; fileEncoding = 4; lastKnownFileType = sourcecode.c.h; path = AppDelegate_iPhone.h; sourceTree = "<group>"; };
		2860E326111B887F00E27156 /* AppDelegate_iPhone.m */ = {isa = PBXFileReference; fileEncoding = 4; lastKnownFileType = sourcecode.c.objc; path = AppDelegate_iPhone.m; sourceTree = "<group>"; };
		2860E327111B887F00E27156 /* MainWindow_iPhone.xib */ = {isa = PBXFileReference; lastKnownFileType = file.xib; path = MainWindow_iPhone.xib; sourceTree = "<group>"; };
		2860E32B111B888700E27156 /* AppDelegate_iPad.h */ = {isa = PBXFileReference; fileEncoding = 4; lastKnownFileType = sourcecode.c.h; path = AppDelegate_iPad.h; sourceTree = "<group>"; };
		2860E32C111B888700E27156 /* AppDelegate_iPad.m */ = {isa = PBXFileReference; fileEncoding = 4; lastKnownFileType = sourcecode.c.objc; path = AppDelegate_iPad.m; sourceTree = "<group>"; };
		2860E32D111B888700E27156 /* MainWindow_iPad.xib */ = {isa = PBXFileReference; lastKnownFileType = file.xib; path = MainWindow_iPad.xib; sourceTree = "<group>"; };
		288765FC0DF74451002DB57D /* CoreGraphics.framework */ = {isa = PBXFileReference; lastKnownFileType = wrapper.framework; name = CoreGraphics.framework; path = System/Library/Frameworks/CoreGraphics.framework; sourceTree = SDKROOT; };
		29B97316FDCFA39411CA2CEA /* main.m */ = {isa = PBXFileReference; fileEncoding = 4; lastKnownFileType = sourcecode.c.objc; name = main.m; path = Shared/main.m; sourceTree = "<group>"; };
		32CA4F630368D1EE00C91783 /* AirTV_Prefix.pch */ = {isa = PBXFileReference; fileEncoding = 4; lastKnownFileType = sourcecode.c.h; path = AirTV_Prefix.pch; sourceTree = "<group>"; };
		8D1107310486CEB800E47090 /* AirTV-Info.plist */ = {isa = PBXFileReference; fileEncoding = 4; lastKnownFileType = text.plist.xml; path = "AirTV-Info.plist"; plistStructureDefinitionIdentifier = "com.apple.xcode.plist.structure-definition.iphone.info-plist"; sourceTree = "<group>"; };
/* End PBXFileReference section */

/* Begin PBXFrameworksBuildPhase section */
		1D60588F0D05DD3D006BFB54 /* Frameworks */ = {
			isa = PBXFrameworksBuildPhase;
			buildActionMask = 2147483647;
			files = (
				1D60589F0D05DD5A006BFB54 /* Foundation.framework in Frameworks */,
				1DF5F4E00D08C38300B7A737 /* UIKit.framework in Frameworks */,
				288765FD0DF74451002DB57D /* CoreGraphics.framework in Frameworks */,
				1FA6362A12BAE0960065CEA2 /* CFNetwork.framework in Frameworks */,
				1FA6363B12BAE0B90065CEA2 /* MediaPlayer.framework in Frameworks */,
			);
			runOnlyForDeploymentPostprocessing = 0;
		};
/* End PBXFrameworksBuildPhase section */

/* Begin PBXGroup section */
		19C28FACFE9D520D11CA2CBB /* Products */ = {
			isa = PBXGroup;
			children = (
				1D6058910D05DD3D006BFB54 /* AirTV.app */,
			);
			name = Products;
			sourceTree = "<group>";
		};
		1FA6361A12BAE0510065CEA2 /* External */ = {
			isa = PBXGroup;
			children = (
				1FA6362612BAE0850065CEA2 /* NSString+RIExtended.h */,
				1FA6362712BAE0850065CEA2 /* NSString+RIExtended.m */,
			);
			name = External;
			sourceTree = "<group>";
		};
		1FA6361B12BAE0590065CEA2 /* Sockets */ = {
			isa = PBXGroup;
			children = (
				1FA6362012BAE0790065CEA2 /* AsyncSocket.h */,
				1FA6362112BAE0790065CEA2 /* AsyncSocket.m */,
				1FA6362212BAE0790065CEA2 /* AsyncUdpSocket.h */,
				1FA6362312BAE0790065CEA2 /* AsyncUdpSocket.m */,
			);
			name = Sockets;
			sourceTree = "<group>";
		};
		1FA6361C12BAE05D0065CEA2 /* Classes */ = {
			isa = PBXGroup;
			children = (
				1FA6361D12BAE06E0065CEA2 /* ATAirplayVideoService.h */,
				1FA6361E12BAE06E0065CEA2 /* ATAirplayVideoService.m */,
				1FA6367D12BAE30F0065CEA2 /* ATViewController.h */,
				1FA6367E12BAE30F0065CEA2 /* ATViewController.m */,
			);
			name = Classes;
			sourceTree = "<group>";
		};
		2860E324111B887F00E27156 /* iPhone */ = {
			isa = PBXGroup;
			children = (
				2860E325111B887F00E27156 /* AppDelegate_iPhone.h */,
				2860E326111B887F00E27156 /* AppDelegate_iPhone.m */,
				2860E327111B887F00E27156 /* MainWindow_iPhone.xib */,
			);
			path = iPhone;
			sourceTree = "<group>";
		};
		2860E32A111B888700E27156 /* iPad */ = {
			isa = PBXGroup;
			children = (
				2860E32B111B888700E27156 /* AppDelegate_iPad.h */,
				2860E32C111B888700E27156 /* AppDelegate_iPad.m */,
				2860E32D111B888700E27156 /* MainWindow_iPad.xib */,
			);
			path = iPad;
			sourceTree = "<group>";
		};
		28EEBF621118D79A00187D67 /* Shared */ = {
			isa = PBXGroup;
			children = (
				1FA6361C12BAE05D0065CEA2 /* Classes */,
				1FA6361B12BAE0590065CEA2 /* Sockets */,
				1FA6361A12BAE0510065CEA2 /* External */,
				8D1107310486CEB800E47090 /* AirTV-Info.plist */,
			);
			name = Shared;
			sourceTree = "<group>";
		};
		29B97314FDCFA39411CA2CEA /* CustomTemplate */ = {
			isa = PBXGroup;
			children = (
				2860E32A111B888700E27156 /* iPad */,
				2860E324111B887F00E27156 /* iPhone */,
				28EEBF621118D79A00187D67 /* Shared */,
				29B97315FDCFA39411CA2CEA /* Other Sources */,
				29B97323FDCFA39411CA2CEA /* Frameworks */,
				19C28FACFE9D520D11CA2CBB /* Products */,
			);
			name = CustomTemplate;
			sourceTree = "<group>";
		};
		29B97315FDCFA39411CA2CEA /* Other Sources */ = {
			isa = PBXGroup;
			children = (
				32CA4F630368D1EE00C91783 /* AirTV_Prefix.pch */,
				29B97316FDCFA39411CA2CEA /* main.m */,
			);
			name = "Other Sources";
			sourceTree = "<group>";
		};
		29B97323FDCFA39411CA2CEA /* Frameworks */ = {
			isa = PBXGroup;
			children = (
				1FA6363A12BAE0B90065CEA2 /* MediaPlayer.framework */,
				1FA6362912BAE0960065CEA2 /* CFNetwork.framework */,
				1DF5F4DF0D08C38300B7A737 /* UIKit.framework */,
				1D30AB110D05D00D00671497 /* Foundation.framework */,
				288765FC0DF74451002DB57D /* CoreGraphics.framework */,
			);
			name = Frameworks;
			sourceTree = "<group>";
		};
/* End PBXGroup section */

/* Begin PBXNativeTarget section */
		1D6058900D05DD3D006BFB54 /* AirTV */ = {
			isa = PBXNativeTarget;
			buildConfigurationList = 1D6058960D05DD3E006BFB54 /* Build configuration list for PBXNativeTarget "AirTV" */;
			buildPhases = (
				1D60588D0D05DD3D006BFB54 /* Resources */,
				1D60588E0D05DD3D006BFB54 /* Sources */,
				1D60588F0D05DD3D006BFB54 /* Frameworks */,
			);
			buildRules = (
			);
			dependencies = (
			);
			name = AirTV;
			productName = AirTV;
			productReference = 1D6058910D05DD3D006BFB54 /* AirTV.app */;
			productType = "com.apple.product-type.application";
		};
/* End PBXNativeTarget section */

/* Begin PBXProject section */
		29B97313FDCFA39411CA2CEA /* Project object */ = {
			isa = PBXProject;
			buildConfigurationList = C01FCF4E08A954540054247B /* Build configuration list for PBXProject "AirTV" */;
			compatibilityVersion = "Xcode 3.1";
			developmentRegion = English;
			hasScannedForEncodings = 1;
			knownRegions = (
				English,
				Japanese,
				French,
				German,
			);
			mainGroup = 29B97314FDCFA39411CA2CEA /* CustomTemplate */;
			projectDirPath = "";
			projectRoot = "";
			targets = (
				1D6058900D05DD3D006BFB54 /* AirTV */,
			);
		};
/* End PBXProject section */

/* Begin PBXResourcesBuildPhase section */
		1D60588D0D05DD3D006BFB54 /* Resources */ = {
			isa = PBXResourcesBuildPhase;
			buildActionMask = 2147483647;
			files = (
				2860E329111B887F00E27156 /* MainWindow_iPhone.xib in Resources */,
				2860E32F111B888700E27156 /* MainWindow_iPad.xib in Resources */,
			);
			runOnlyForDeploymentPostprocessing = 0;
		};
/* End PBXResourcesBuildPhase section */

/* Begin PBXSourcesBuildPhase section */
		1D60588E0D05DD3D006BFB54 /* Sources */ = {
			isa = PBXSourcesBuildPhase;
			buildActionMask = 2147483647;
			files = (
				1D60589B0D05DD56006BFB54 /* main.m in Sources */,
				2860E328111B887F00E27156 /* AppDelegate_iPhone.m in Sources */,
				2860E32E111B888700E27156 /* AppDelegate_iPad.m in Sources */,
				1FA6361F12BAE06E0065CEA2 /* ATAirplayVideoService.m in Sources */,
				1FA6362412BAE0790065CEA2 /* AsyncSocket.m in Sources */,
				1FA6362512BAE0790065CEA2 /* AsyncUdpSocket.m in Sources */,
				1FA6362812BAE0850065CEA2 /* NSString+RIExtended.m in Sources */,
				1FA6367F12BAE30F0065CEA2 /* ATViewController.m in Sources */,
			);
			runOnlyForDeploymentPostprocessing = 0;
		};
/* End PBXSourcesBuildPhase section */

/* Begin XCBuildConfiguration section */
		1D6058940D05DD3E006BFB54 /* Debug */ = {
			isa = XCBuildConfiguration;
			buildSettings = {
				ALWAYS_SEARCH_USER_PATHS = NO;
				COPY_PHASE_STRIP = NO;
				GCC_DYNAMIC_NO_PIC = NO;
				GCC_OPTIMIZATION_LEVEL = 0;
				GCC_PRECOMPILE_PREFIX_HEADER = YES;
				GCC_PREFIX_HEADER = AirTV_Prefix.pch;
				INFOPLIST_FILE = "AirTV-Info.plist";
				PRODUCT_NAME = AirTV;
			};
			name = Debug;
		};
		1D6058950D05DD3E006BFB54 /* Release */ = {
			isa = XCBuildConfiguration;
			buildSettings = {
				ALWAYS_SEARCH_USER_PATHS = NO;
				COPY_PHASE_STRIP = YES;
				GCC_PRECOMPILE_PREFIX_HEADER = YES;
				GCC_PREFIX_HEADER = AirTV_Prefix.pch;
				INFOPLIST_FILE = "AirTV-Info.plist";
				PRODUCT_NAME = AirTV;
				VALIDATE_PRODUCT = YES;
			};
			name = Release;
		};
		C01FCF4F08A954540054247B /* Debug */ = {
			isa = XCBuildConfiguration;
			buildSettings = {
				ARCHS = "$(ARCHS_STANDARD_32_BIT)";
				"CODE_SIGN_IDENTITY[sdk=iphoneos*]" = "iPhone Developer";
				GCC_C_LANGUAGE_STANDARD = c99;
				GCC_WARN_ABOUT_RETURN_TYPE = YES;
				GCC_WARN_UNUSED_VARIABLE = YES;
				PREBINDING = NO;
				SDKROOT = iphoneos;
				TARGETED_DEVICE_FAMILY = "1,2";
			};
			name = Debug;
		};
		C01FCF5008A954540054247B /* Release */ = {
			isa = XCBuildConfiguration;
			buildSettings = {
				ARCHS = "$(ARCHS_STANDARD_32_BIT)";
				"CODE_SIGN_IDENTITY[sdk=iphoneos*]" = "iPhone Developer";
				GCC_C_LANGUAGE_STANDARD = c99;
				GCC_WARN_ABOUT_RETURN_TYPE = YES;
				GCC_WARN_UNUSED_VARIABLE = YES;
				OTHER_CFLAGS = "-DNS_BLOCK_ASSERTIONS=1";
				PREBINDING = NO;
				SDKROOT = iphoneos;
				TARGETED_DEVICE_FAMILY = "1,2";
			};
			name = Release;
		};
/* End XCBuildConfiguration section */

/* Begin XCConfigurationList section */
		1D6058960D05DD3E006BFB54 /* Build configuration list for PBXNativeTarget "AirTV" */ = {
			isa = XCConfigurationList;
			buildConfigurations = (
				1D6058940D05DD3E006BFB54 /* Debug */,
				1D6058950D05DD3E006BFB54 /* Release */,
			);
			defaultConfigurationIsVisible = 0;
			defaultConfigurationName = Release;
		};
		C01FCF4E08A954540054247B /* Build configuration list for PBXProject "AirTV" */ = {
			isa = XCConfigurationList;
			buildConfigurations = (
				C01FCF4F08A954540054247B /* Debug */,
				C01FCF5008A954540054247B /* Release */,
			);
			defaultConfigurationIsVisible = 0;
			defaultConfigurationName = Release;
		};
/* End XCConfigurationList section */
	};
	rootObject = 29B97313FDCFA39411CA2CEA /* Project object */;
}
